
Microsoft Visual Studio Solution File, Format Version 12.00
# Visual Studio Version 17
VisualStudioVersion = 17.0.31903.59
MinimumVisualStudioVersion = 10.0.40219.1
Project("{9A19103F-16F7-4668-BE54-9A1E7A4F7556}") = "SharedContracts", "SharedContracts\SharedContracts.csproj", "{C19CB775-4C8C-42A5-BFD7-90E243EACCFB}"
EndProject
Project("{9A19103F-16F7-4668-BE54-9A1E7A4F7556}") = "ProductCatalog.API", "ProductCatalog.API\ProductCatalog.API.csproj", "{EC13258F-6A43-4F89-BB04-11B6B2F69CA8}"
EndProject
Project("{9A19103F-16F7-4668-BE54-9A1E7A4F7556}") = "Order.API", "Order.API\Order.API.csproj", "{A0798D82-675E-46CF-98EA-CC97EC334579}"
EndProject
Project("{9A19103F-16F7-4668-BE54-9A1E7A4F7556}") = "Inventory.API", "Inventory.API\Inventory.API.csproj", "{C6E64837-CE69-4B16-9969-CF5D0DC6DF65}"
EndProject
Project("{FAE04EC0-301F-11D3-BF4B-00C04F79EFBC}") = "Blazor.UI", "Blazor.UI\Blazor.UI.csproj", "{06812196-2E79-49C5-8E31-CAFBB5EDC4F2}"
EndProject
Global
	GlobalSection(SolutionConfigurationPlatforms) = preSolution
		Debug|Any CPU = Debug|Any CPU
		Release|Any CPU = Release|Any CPU
	EndGlobalSection
	GlobalSection(ProjectConfigurationPlatforms) = postSolution
		{C19CB775-4C8C-42A5-BFD7-90E243EACCFB}.Debug|Any CPU.ActiveCfg = Debug|Any CPU
		{C19CB775-4C8C-42A5-BFD7-90E243EACCFB}.Debug|Any CPU.Build.0 = Debug|Any CPU
		{C19CB775-4C8C-42A5-BFD7-90E243EACCFB}.Release|Any CPU.ActiveCfg = Release|Any CPU
		{C19CB775-4C8C-42A5-BFD7-90E243EACCFB}.Release|Any CPU.Build.0 = Release|Any CPU
		{EC13258F-6A43-4F89-BB04-11B6B2F69CA8}.Debug|Any CPU.ActiveCfg = Debug|Any CPU
		{EC13258F-6A43-4F89-BB04-11B6B2F69CA8}.Debug|Any CPU.Build.0 = Debug|Any CPU
		{EC13258F-6A43-4F89-BB04-11B6B2F69CA8}.Release|Any CPU.ActiveCfg = Release|Any CPU
		{EC13258F-6A43-4F89-BB04-11B6B2F69CA8}.Release|Any CPU.Build.0 = Release|Any CPU
		{A0798D82-675E-46CF-98EA-CC97EC334579}.Debug|Any CPU.ActiveCfg = Debug|Any CPU
		{A0798D82-675E-46CF-98EA-CC97EC334579}.Debug|Any CPU.Build.0 = Debug|Any CPU
		{A0798D82-675E-46CF-98EA-CC97EC334579}.Release|Any CPU.ActiveCfg = Release|Any CPU
		{A0798D82-675E-46CF-98EA-CC97EC334579}.Release|Any CPU.Build.0 = Release|Any CPU
		{C6E64837-CE69-4B16-9969-CF5D0DC6DF65}.Debug|Any CPU.ActiveCfg = Debug|Any CPU
		{C6E64837-CE69-4B16-9969-CF5D0DC6DF65}.Debug|Any CPU.Build.0 = Debug|Any CPU
		{C6E64837-CE69-4B16-9969-CF5D0DC6DF65}.Release|Any CPU.ActiveCfg = Release|Any CPU
		{C6E64837-CE69-4B16-9969-CF5D0DC6DF65}.Release|Any CPU.Build.0 = Release|Any CPU
		{06812196-2E79-49C5-8E31-CAFBB5EDC4F2}.Debug|Any CPU.ActiveCfg = Debug|Any CPU
		{06812196-2E79-49C5-8E31-CAFBB5EDC4F2}.Debug|Any CPU.Build.0 = Debug|Any CPU
		{06812196-2E79-49C5-8E31-CAFBB5EDC4F2}.Release|Any CPU.ActiveCfg = Release|Any CPU
		{06812196-2E79-49C5-8E31-CAFBB5EDC4F2}.Release|Any CPU.Build.0 = Release|Any CPU
	EndGlobalSection
	GlobalSection(SolutionProperties) = preSolution
		HideSolutionNode = FALSE
	EndGlobalSection
	GlobalSection(ExtensibilityGlobals) = postSolution
		SolutionGuid = {D5EFAD00-FA95-4530-BDD6-B48140D72E9D}
	EndGlobalSection
EndGlobal
